
Microsoft Visual Studio Solution File, Format Version 12.00
# Visual Studio 15
VisualStudioVersion = 15.0.28307.168
MinimumVisualStudioVersion = 10.0.40219.1
Project("{FAE04EC0-301F-11D3-BF4B-00C04F79EFBC}") = "MVC5RealWorld", "MVC5RealWorld\MVC5RealWorld.csproj", "{2592A0C0-B1F4-4F61-84F1-B0718B63618C}"
EndProject
Global
	GlobalSection(SolutionConfigurationPlatforms) = preSolution
		Debug|Any CPU = Debug|Any CPU
		Release|Any CPU = Release|Any CPU
	EndGlobalSection
	GlobalSection(ProjectConfigurationPlatforms) = postSolution
		{2592A0C0-B1F4-4F61-84F1-B0718B63618C}.Debug|Any CPU.ActiveCfg = Debug|Any CPU
		{2592A0C0-B1F4-4F61-84F1-B0718B63618C}.Debug|Any CPU.Build.0 = Debug|Any CPU
		{2592A0C0-B1F4-4F61-84F1-B0718B63618C}.Release|Any CPU.ActiveCfg = Release|Any CPU
		{2592A0C0-B1F4-4F61-84F1-B0718B63618C}.Release|Any CPU.Build.0 = Release|Any CPU
	EndGlobalSection
	GlobalSection(SolutionProperties) = preSolution
		HideSolutionNode = FALSE
	EndGlobalSection
	GlobalSection(ExtensibilityGlobals) = postSolution
		SolutionGuid = {B4B92352-3B37-4099-941B-0CB844F9E292}
	EndGlobalSection
EndGlobal
